# This file is automatically @generated by Poetry 2.4.1 and should not be changed by hand.

[[package]]
name = "altgraph"
version = "0.17.5"
description = "Python graph (network) package"
optional = false
python-versions = "*"
groups = ["build"]
files = [
    {file = "altgraph-0.17.5-py2.py3-none-any.whl", hash = "sha256:f3a22400bce1b0c701683820ac4f3b159cd301acab067c51c653e06961600597"},
    {file = "altgraph-0.17.5.tar.gz", hash = "sha256:c87b395dd12fabde9c99573a9749d67da8d29ef9de0125c7f536699b4a9bc9e7"},
]

[[package]]
name = "colorama"
version = "0.4.6"
description = "Cross-platform colored terminal text."
optional = false
python-versions = "!=3.0.*,!=3.1.*,!=3.2.*,!=3.3.*,!=3.4.*,!=3.5.*,!=3.6.*,>=2.7"
groups = ["test"]
markers = "sys_platform == \"win32\""
files = [
    {file = "colorama-0.4.6-py2.py3-none-any.whl", hash = "sha256:4f1d9991f5acc0ca119f9d443620b77f9d6b33703e51011c16baf57afb285fc6"},
    {file = "colorama-0.4.6.tar.gz", hash = "sha256:08695f5cb7ed6e0531a20572697297273c47b8cae5a63ffc6d6ed5c201be6e44"},
]

[[package]]
name = "exceptiongroup"
version = "1.3.1"
description = "Backport of PEP 654 (exception groups)"
optional = false
python-versions = ">=3.7"
groups = ["test"]
markers = "python_version == \"3.10\""
files = [
    {file = "exceptiongroup-1.3.1-py3-none-any.whl", hash = "sha256:a7a39a3bd276781e98394987d3a5701d0c4edffb633bb7a5144577f82c773598"},
    {file = "exceptiongroup-1.3.1.tar.gz", hash = "sha256:8b412432c6055b0b7d14c310000ae93352ed6754f70fa8f7c34141f91c4e3219"},
]

[package.dependencies]
typing-extensions = {version = ">=4.6.0", markers = "python_version < \"3.13\""}

[package.extras]
test = ["pytest (>=6)"]

[[package]]
name = "glcontext"
version = "3.0.0"
description = "Portable Headless OpenGL Context"
optional = false
python-versions = "*"
groups = ["main"]
files = [
    {file = "glcontext-3.0.0-cp310-cp310-macosx_10_9_x86_64.whl", hash = "sha256:b154c25a57e16dbb073478d0cbe2c0090649d135c4c9f87e753b6181b97ec848"},
    {file = "glcontext-3.0.0-cp310-cp310-macosx_11_0_arm64.whl", hash = "sha256:fa5a14778d13ecf4a0dd60a7825427bf6ac0383eacb3b8b1a9c23e4976aa0c8c"},
    {file = "glcontext-3.0.0-cp310-cp310-manylinux_2_5_i686.manylinux1_i686.manylinux_2_17_i686.manylinux2014_i686.whl", hash = "sha256:7c229290a3a33004a59799b94a50bc5e6f8addd1b5bc5039ef9e78f86d888b31"},
    {file = "glcontext-3.0.0-cp310-cp310-manylinux_2_5_x86_64.manylinux1_x86_64.manylinux_2_17_x86_64.manylinux2014_x86_64.whl", hash = "sha256:1445a03d8795113034e1f9ffa662f795df65ae69ee21b26ed3b1d66100ba3f8c"},
    {file = "glcontext-3.0.0-cp310-cp310-musllinux_1_2_i686.whl", hash = "sha256:09247011c09c37b8d30eca9aa24659288de2febaeaa6a817b33b1498b5ef164c"},
    {file = "glcontext-3.0.0-cp310-cp310-musllinux_1_2_x86_64.whl", hash = "sha256:c8c1223f1cbcfc0b88428e1717baca829ee863ed5d88e9b5574c7ed6598249cd"},
    {file = "glcontext-3.0.0-cp310-cp310-win32.whl", hash = "sha256:c13dedb3636328b133c4d53c047ce69040ae784095e8f239432ad74d6f921712"},
    {file = "glcontext-3.0.0-cp310-cp310-win_amd64.whl", hash = "sha256:4817f4cd52c7fe5410c92ca12b6712435548918719373882ade76f8f75d80abd"},
    {file = "glcontext-3.0.0-cp311-cp311-macosx_10_9_x86_64.whl", hash = "sha256:3a9e56fa3597cc709cfd0fdf2ae682cda36510a13faac2b3142f401e823b64f4"},
    {file = "glcontext-3.0.0-cp311-cp311-macosx_11_0_arm64.whl", hash = "sha256:a0484308af75e04b0e56066dc2324a8fb9f1443b76ddb98833439982322b2a39"},
    {file = "glcontext-3.0.0-cp311-cp311-manylinux_2_5_i686.manylinux1_i686.manylinux_2_17_i686.manylinux2014_i686.whl", hash = "sha256:983231394396aa2a1e2b96df49404cc8f8aa729d462ed40e605a74b079c46342"},
    {file = "glcontext-3.0.0-cp311-cp311-manylinux_2_5_x86_64.manylinux1_x86_64.manylinux_2_17_x86_64.manylinux2014_x86_64.whl", hash = "sha256:7fa413f4420abff2bbb5aa5770a3e1deffcdc13e0ef2f459b145fa79c36909e7"},
    {file = "glcontext-3.0.0-cp311-cp311-musllinux_1_2_i686.whl", hash = "sha256:7d0ac35ac07fc91eccea093beb9d1c1a4eae250bc33836047deff01a3b5f4757"},
    {file = "glcontext-3.0.0-cp311-cp311-musllinux_1_2_x86_64.whl", hash = "sha256:7145d17a70adc5784ca59ebbe19a56435ba21816070b8b433f43aa2dfb8be71a"},
    {file = "glcontext-3.0.0-cp311-cp311-win32.whl", hash = "sha256:b31808ca2517fedcac8ca5b296ff46c8af012911eaa2080889a1f244d329ef9a"},
    {file = "glcontext-3.0.0-cp311-cp311-win_amd64.whl", hash = "sha256:ef4b4ec35e2b720f4cd250bb92cf6417add445490bf780345596da5a796a0e6f"},
    {file = "glcontext-3.0.0-cp312-cp312-macosx_10_9_x86_64.whl", hash = "sha256:848f870a2bc72a29de7ab6756b9e8f2e6ce052e17873ebc6b3f25129b6e0d58a"},
    {file = "glcontext-3.0.0-cp312-cp312-macosx_11_0_arm64.whl", hash = "sha256:4b3b12a66f57379566dd4d36899ac265abdbe040f3fc3293f50cd6678a1dcc9b"},
    {file = "glcontext-3.0.0-cp312-cp312-manylinux_2_5_i686.manylinux1_i686.manylinux_2_17_i686.manylinux2014_i686.whl", hash = "sha256:449eaefd89c0519900715b8363ead59ac4aa32457722ca521ce01297441edb34"},
    {file = "glcontext-3.0.0-cp312-cp312-manylinux_2_5_x86_64.manylinux1_x86_64.manylinux_2_17_x86_64.manylinux2014_x86_64.whl", hash = "sha256:04921720740438ceea8fb8a38b5665963520c7c8f27bef03df8aeb3ea3cfbfb6"},
    {file = "glcontext-3.0.0-cp312-cp312-musllinux_1_2_i686.whl", hash = "sha256:25538bdb106f673638d70e8a16a0c037a92a24c4cf40a05f0d3fa14b483d6194"},
    {file = "glcontext-3.0.0-cp312-cp312-musllinux_1_2_x86_64.whl", hash = "sha256:d11f7701b900a5a34c994e1d91c547be1cc469b73f881471460fd905f69f9e4c"},
    {file = "glcontext-3.0.0-cp312-cp312-win32.whl", hash = "sha256:5d2b567eaf34adb016aadce81fd2f1d4c8e4a39e3d6f2a395ce528e2a350dd3f"},
    {file = "glcontext-3.0.0-cp312-cp312-win_amd64.whl", hash = "sha256:e80bb37ba727bd20c192f2754aea40c437a7665005c1001c10752f91913964e9"},
    {file = "glcontext-3.0.0-cp313-cp313-macosx_10_13_x86_64.whl", hash = "sha256:5bd37089570d3cdb01c6c0b315c49ce8a4dcdab2c431f5ba9f37a8b633cebfdf"},
    {file = "glcontext-3.0.0-cp313-cp313-macosx_11_0_arm64.whl", hash = "sha256:857fd83e60f15580afd369dfb651a10d84a70ec35995622d253551bfb3ff9477"},
    {file = "glcontext-3.0.0-cp313-cp313-manylinux_2_5_i686.manylinux1_i686.manylinux_2_17_i686.manylinux2014_i686.whl", hash = "sha256:93fda9b378ce6d91f366e83e71ebdafdd167280a9834d1d6341ce6457c4e42ed"},
    {file = "glcontext-3.0.0-cp313-cp313-manylinux_2_5_x86_64.manylinux1_x86_64.manylinux_2_17_x86_64.manylinux2014_x86_64.whl", hash = "sha256:89ad50d34aa62f03f6aaf6ae39fc27afd1b0eaefb0281aac51f686dc5672d473"},
    {file = "glcontext-3.0.0-cp313-cp313-musllinux_1_2_i686.whl", hash = "sha256:2634d5e9647a6d7b0c5a5c0c57e91ac98aa79759bffb42459af4374b049fab01"},
    {file = "glcontext-3.0.0-cp313-cp313-musllinux_1_2_x86_64.whl", hash = "sha256:0140c5df37cb48271527355062d35589dc3e1e7e73b51adf9962ed5048115f69"},
    {file = "glcontext-3.0.0-cp313-cp313-win32.whl", hash = "sha256:6678e0552b516fa8fe62f500ef2b953bec991e82a003be2a9840d16556d03d2e"},
    {file = "glcontext-3.0.0-cp313-cp313-win_amd64.whl", hash = "sha256:18aa4b1df50e8c8ea39bd0f775f39bcc987521f92c4ed019ec7d70078471354d"},
    {file = "glcontext-3.0.0-cp38-cp38-macosx_10_9_x86_64.whl", hash = "sha256:17a1339db9c1df55eb0b7341dd3da1e45c9992d59aa3a72afefd5bd43d588c92"},
    {file = "glcontext-3.0.0-cp38-cp38-macosx_11_0_arm64.whl", hash = "sha256:9ca980d9ac22045ef2489cac8cf3800748b1baa716f74a53705003405664950c"},
    {file = "glcontext-3.0.0-cp38-cp38-manylinux_2_5_i686.manylinux1_i686.manylinux_2_17_i686.manylinux2014_i686.whl", hash = "sha256:b5a7fb8ab69fc4f076282622e94284ea4cbf7022a1f6ed50938d076b982f653e"},
    {file = "glcontext-3.0.0-cp38-cp38-manylinux_2_5_x86_64.manylinux1_x86_64.manylinux_2_17_x86_64.manylinux2014_x86_64.whl", hash = "sha256:5825e1df53bdf941c3a5ea5ff6d1869491dfeb9f2c30d97f45bbbcb12d91dc1f"},
    {file = "glcontext-3.0.0-cp38-cp38-musllinux_1_2_i686.whl", hash = "sha256:f3be86fa6587eca16f3fe2b46ee72e2a188fdccedafff0de7515b1d5e72f265e"},
    {file = "glcontext-3.0.0-cp38-cp38-musllinux_1_2_x86_64.whl", hash = "sha256:b4a06207c487f0aa79e49bf1c19d0f2633ff1e1889704196993d24b342763344"},
    {file = "glcontext-3.0.0-cp38-cp38-win32.whl", hash = "sha256:3eb55b653fc00a4ec415acacbbf1e8f03ee10b5a685f63fce43ad75b4cef5d4e"},
    {file = "glcontext-3.0.0-cp38-cp38-win_amd64.whl", hash = "sha256:7e51f04bb3a3a12147106036676a237c5405297a95b8209f7686d624f013bc17"},
    {file = "glcontext-3.0.0-cp39-cp39-macosx_10_9_x86_64.whl", hash = "sha256:7043f59d126feb26896a6419ebfeecc78c07ffefced2a2f59104dd7a2f71ebb5"},
    {file = "glcontext-3.0.0-cp39-cp39-macosx_11_0_arm64.whl", hash = "sha256:4a2972f92da9a6fb06860e117de05f5b8adc2e2d827bbc0ccc7acbe7325acd1e"},
    {file = "glcontext-3.0.0-cp39-cp39-manylinux_2_5_i686.manylinux1_i686.manylinux_2_17_i686.manylinux2014_i686.whl", hash = "sha256:fb2eb1c455d589005567b36642db8059b31bb1752f0525c6dbe70ceeeb0131d5"},
    {file = "glcontext-3.0.0-cp39-cp39-manylinux_2_5_x86_64.manylinux1_x86_64.manylinux_2_17_x86_64.manylinux2014_x86_64.whl", hash = "sha256:cdd81e8b580e43c1fe1c48c0fc3909e6c1f37ee4cfd8c990c03b2df3b463bd37"},
    {file = "glcontext-3.0.0-cp39-cp39-musllinux_1_2_i686.whl", hash = "sha256:64eb425f0f0c54c60527e1b112465d4d69b010af42a3b0e69f22317fffd8faea"},
    {file = "glcontext-3.0.0-cp39-cp39-musllinux_1_2_x86_64.whl", hash = "sha256:def2b9956fbd3da94b4cadeb85d947a6321582ddfea2e58c4134178bfabce0f8"},
    {file = "glcontext-3.0.0-cp39-cp39-win32.whl", hash = "sha256:cfdc763adffcd20509b9e6ac964a9abf7b2a898bb32d7bd4efce9db8af2caaf5"},
    {file = "glcontext-3.0.0-cp39-cp39-win_amd64.whl", hash = "sha256:12c2abef8efabb8ab7e35d16785968de888ae7349d1b83c765080f35fcd3c6e5"},
    {file = "glcontext-3.0.0-pp310-pypy310_pp73-macosx_10_15_x86_64.whl", hash = "sha256:f4e285e5d40e7a9bafeb0651c3d8f1a7c822525dec7091e97109ba87a70dbd1e"},
    {file = "glcontext-3.0.0-pp310-pypy310_pp73-macosx_11_0_arm64.whl", hash = "sha256:96d1bbe62c5bc5315ca2f84a2abae6fa7b7d645dd368415a0cd1ee5ba6f3f8f7"},
    {file = "glcontext-3.0.0-pp310-pypy310_pp73-manylinux_2_5_i686.manylinux1_i686.manylinux_2_17_i686.manylinux2014_i686.whl", hash = "sha256:3a190b1cdb39110c7b56c33857dbff493a364633bfd0ff402a1ce205956c94ca"},
    {file = "glcontext-3.0.0-pp310-pypy310_pp73-manylinux_2_5_x86_64.manylinux1_x86_64.manylinux_2_17_x86_64.manylinux2014_x86_64.whl", hash = "sha256:d467cce2dac8c3928847e90310eb6bdfdfa69f8df39b76a74734046faa15e688"},
    {file = "glcontext-3.0.0-pp310-pypy310_pp73-win_amd64.whl", hash = "sha256:2b0c5240125d75498a8f14596484233e4effe98a6a035f566872dd2fdf472ceb"},
    {file = "glcontext-3.0.0-pp38-pypy38_pp73-macosx_10_9_x86_64.whl", hash = "sha256:d89a6bcf0129f27594c07eb9aafc33389e9dd66f344fe1e255fe297bbc123317"},
    {file = "glcontext-3.0.0-pp38-pypy38_pp73-macosx_11_0_arm64.whl", hash = "sha256:d9b0bd64b01be0ecad521ca4869153893ed10f8c9043dcd8d1a81c8f686008c9"},
    {file = "glcontext-3.0.0-pp38-pypy38_pp73-manylinux_2_5_i686.manylinux1_i686.manylinux_2_17_i686.manylinux2014_i686.whl", hash = "sha256:1ba5af7ca9309bb42b89cf25f576cc28ae36671be01ecdfce264308a007880ac"},
    {file = "glcontext-3.0.0-pp38-pypy38_pp73-manylinux_2_5_x86_64.manylinux1_x86_64.manylinux_2_17_x86_64.manylinux2014_x86_64.whl", hash = "sha256:cbb413b6bf3b2ded2e5bf4235b75eb9ac9d36361af38393c53c689dfcc096eba"},
    {file = "glcontext-3.0.0-pp38-pypy38_pp73-win_amd64.whl", hash = "sha256:dfea7fc7b22afce49027d8470a84f9c7c6f06a09b43f6606030b53b3240df0d1"},
    {file = "glcontext-3.0.0-pp39-pypy39_pp73-macosx_10_15_x86_64.whl", hash = "sha256:cf5af894228b4357b088a6e26761438d799c2af907e33f17935072fe46903c2d"},
    {file = "glcontext-3.0.0-pp39-pypy39_pp73-macosx_11_0_arm64.whl", hash = "sha256:1712d7a7216b687b181291098e5117e5fae1f1df466583b4290dc2e80d9a72c8"},
    {file = "glcontext-3.0.0-pp39-pypy39_pp73-manylinux_2_5_i686.manylinux1_i686.manylinux_2_17_i686.manylinux2014_i686.whl", hash = "sha256:07980350ba2aac9f793185f90c4f561ae1aa03cc11b58cce4b51e20a70e8c6e3"},
    {file = "glcontext-3.0.0-pp39-pypy39_pp73-manylinux_2_5_x86_64.manylinux1_x86_64.manylinux_2_17_x86_64.manylinux2014_x86_64.whl", hash = "sha256:ed5135fdb0da5e0decea1cb26ca10a279188aa0bc4462f1c77e214d6f956a710"},
    {file = "glcontext-3.0.0-pp39-pypy39_pp73-win_amd64.whl", hash = "sha256:c3648e13478d77128a74dd25baa98faf9ddb9cbcba5af39775ef3a496f71fd10"},
    {file = "glcontext-3.0.0.tar.gz", hash = "sha256:57168edcd38df2fc0d70c318edf6f7e59091fba1cd3dadb289d0aa50449211ef"},
]

[[package]]
name = "iniconfig"
version = "2.3.0"
description = "brain-dead simple config-ini parsing"
optional = false
python-versions = ">=3.10"
groups = ["test"]
files = [
    {file = "iniconfig-2.3.0-py3-none-any.whl", hash = "sha256:f631c04d2c48c52b84d0d0549c99ff3859c98df65b3101406327ecc7d53fbf12"},
    {file = "iniconfig-2.3.0.tar.gz", hash = "sha256:c76315c77db068650d49c5b56314774a7804df16fee4402c1f19d6d15d8c4730"},
]

[[package]]
name = "macholib"
version = "1.16.4"
description = "Mach-O header analysis and editing"
optional = false
python-versions = "*"
groups = ["build"]
markers = "sys_platform == \"darwin\""
files = [
    {file = "macholib-1.16.4-py2.py3-none-any.whl", hash = "sha256:da1a3fa8266e30f0ce7e97c6a54eefaae8edd1e5f86f3eb8b95457cae90265ea"},
    {file = "macholib-1.16.4.tar.gz", hash = "sha256:f408c93ab2e995cd2c46e34fe328b130404be143469e41bc366c807448979362"},
]

[package.dependencies]
altgraph = ">=0.17"

[[package]]
name = "moderngl"
version = "5.12.0"
description = "ModernGL: High performance rendering for Python 3"
optional = false
python-versions = ">=3.7"
groups = ["main"]
files = [
    {file = "moderngl-5.12.0-cp310-cp310-macosx_10_9_x86_64.whl", hash = "sha256:105cdee2ee29a7e6ebbc76cf178941503656a185c6945933bc7ef395ba8e65a7"},
    {file = "moderngl-5.12.0-cp310-cp310-macosx_11_0_arm64.whl", hash = "sha256:18deb8bebd0a4277d92c76dbedf8e4b4b68bf0a8a878404c6b26aed750890d3b"},
    {file = "moderngl-5.12.0-cp310-cp310-manylinux_2_17_x86_64.manylinux2014_x86_64.whl", hash = "sha256:8f0c4f7c42425177168938386a4fabd734ca3bbb5de2d1fd1176cfa6f980fc13"},
    {file = "moderngl-5.12.0-cp310-cp310-manylinux_2_5_i686.manylinux1_i686.manylinux_2_17_i686.manylinux2014_i686.whl", hash = "sha256:878cdf593204d85c020305f21d306f979353a67c932b9df58ea936f6e5ad13e7"},
    {file = "moderngl-5.12.0-cp310-cp310-musllinux_1_2_i686.whl", hash = "sha256:00d94f9cb485d87c85088edad624201e152d8ac401793a024b16cd9e2bc4dbf6"},
    {file = "moderngl-5.12.0-cp310-cp310-musllinux_1_2_x86_64.whl", hash = "sha256:edd91057b8d76beebac0d7b0c741466ee8f37eaf3c07856785c2872afe0b35ac"},
    {file = "moderngl-5.12.0-cp310-cp310-win32.whl", hash = "sha256:3d066eae2eb44e81bd7addf565adebc041bdee119e7ac6e4f95831d6f327a938"},
    {file = "moderngl-5.12.0-cp310-cp310-win_amd64.whl", hash = "sha256:76d966194d51852f48c42a6e786a4520f1e1be5f93e2626423d673663422d559"},
    {file = "moderngl-5.12.0-cp311-cp311-macosx_10_9_x86_64.whl", hash = "sha256:28cdba5dcf2d03c89bb25dc3b2f5770ac4104470ed5bbe680a15494fa52a537d"},
    {file = "moderngl-5.12.0-cp311-cp311-macosx_11_0_arm64.whl", hash = "sha256:dad93893e3fcb2410bfd31e854f20e1370b4fbafa07a737f1046f5fbd29ba0f4"},
    {file = "moderngl-5.12.0-cp311-cp311-manylinux_2_17_x86_64.manylinux2014_x86_64.whl", hash = "sha256:7fc0f8788bc84433d2124e9a4893adbe40f93c7d213abb8ad7b909540cb0161f"},
    {file = "moderngl-5.12.0-cp311-cp311-manylinux_2_5_i686.manylinux1_i686.manylinux_2_17_i686.manylinux2014_i686.whl", hash = "sha256:6efd3fe0d2c9652af21e2c1f5a936a2b971abac5bdd777da7182a54962466cab"},
    {file = "moderngl-5.12.0-cp311-cp311-musllinux_1_2_i686.whl", hash = "sha256:6f3bd2d534fc081cde30545b84ebca63aef847ba8bd533217b9a37f565614ade"},
    {file = "moderngl-5.12.0-cp311-cp311-musllinux_1_2_x86_64.whl", hash = "sha256:eaa3de9446c6febec4d5f888e6f1a4e9398bc5a5ea70b1570ea447213641d4a6"},
    {file = "moderngl-5.12.0-cp311-cp311-win32.whl", hash = "sha256:9fdb76f1fd890db67727c8cdee4db2ee6319068c7ce92be0308366f8745e28ab"},
    {file = "moderngl-5.12.0-cp311-cp311-win_amd64.whl", hash = "sha256:0c210e8d52a60025f6586ca015c39feb1e57e6dc792c3ff44800f6493a541b1a"},
    {file = "moderngl-5.12.0-cp312-cp312-macosx_10_13_x86_64.whl", hash = "sha256:2750547707c1ec3790dfbeb9c90fb808672ff13f61cac392c706ba09fda10db0"},
    {file = "moderngl-5.12.0-cp312-cp312-macosx_11_0_arm64.whl", hash = "sha256:c5c2a5fe06c7021183d9274df798f25516409c8d55898c324dae8a0b2de10144"},
    {file = "moderngl-5.12.0-cp312-cp312-manylinux_2_17_x86_64.manylinux2014_x86_64.whl", hash = "sha256:b6c4972f3ddd10a3de6c30311da2c25bc493d023796e16c5d4e0f8bd6d5770be"},
    {file = "moderngl-5.12.0-cp312-cp312-manylinux_2_5_i686.manylinux1_i686.manylinux_2_17_i686.manylinux2014_i686.whl", hash = "sha256:a4d497ec6a3f6afa9ebd0be816d9bfe2fe20fec2105acfb88d956619c3ed8eb4"},
    {file = "moderngl-5.12.0-cp312-cp312-musllinux_1_2_i686.whl", hash = "sha256:2f3d240e9bc5d83257378bae59f8f35638b89d22bb003cf674b88fd7932161ce"},
    {file = "moderngl-5.12.0-cp312-cp312-musllinux_1_2_x86_64.whl", hash = "sha256:6fa667d560d842e778e2a5968305fb78f9781616a11b1b93acd2562f97262ccf"},
    {file = "moderngl-5.12.0-cp312-cp312-win32.whl", hash = "sha256:0a02fddd54dccee1ca6060bfed75a2e6a17dd3ee06920fac418506d8a8233849"},
    {file = "moderngl-5.12.0-cp312-cp312-win_amd64.whl", hash = "sha256:8698a59ad03539a2982125b7998efc1c107ba31d5d03437b6fcd72cb2c226922"},
    {file = "moderngl-5.12.0-cp313-cp313-macosx_10_13_x86_64.whl", hash = "sha256:f6efb432f5164f871471d1da36e3a4be9dc3efd7a1e48d0ac6b751e556af5d02"},
    {file = "moderngl-5.12.0-cp313-cp313-macosx_11_0_arm64.whl", hash = "sha256:9b09d8d15b2eaab41c8646a664429ec86af225fa25096758497cd212489d2e1e"},
    {file = "moderngl-5.12.0-cp313-cp313-manylinux_2_17_x86_64.manylinux2014_x86_64.whl", hash = "sha256:071042dd4846e58cbe204cf49341b62cd209fdcb6d48018feb5a61c66707fcb2"},
    {file = "moderngl-5.12.0-cp313-cp313-manylinux_2_5_i686.manylinux1_i686.manylinux_2_17_i686.manylinux2014_i686.whl", hash = "sha256:91db8302ac7f5d7a82a967388677e1378ff078f1e16d05da37ce77f4633b93b1"},
    {file = "moderngl-5.12.0-cp313-cp313-musllinux_1_2_i686.whl", hash = "sha256:51971d65ec96a212a814350c8b324ae0754353e1b61826d1a06aa2d060df170e"},
    {file = "moderngl-5.12.0-cp313-cp313-musllinux_1_2_x86_64.whl", hash = "sha256:d56827360c19e831e986243b5daaf6a51006f1ec0d5372084ad446308763d19f"},
    {file = "moderngl-5.12.0-cp313-cp313-win32.whl", hash = "sha256:caa432c12b138a6c9571719075c4d103bdc2504cd31aeda38a00ad10fcf268cb"},
    {file = "moderngl-5.12.0-cp313-cp313-win_amd64.whl", hash = "sha256:e34d1cd38f7998258f76a08bb5e87f351ec653b7ea1928b2711f8719c10cefd1"},
    {file = "moderngl-5.12.0-cp38-cp38-macosx_10_9_x86_64.whl", hash = "sha256:b0712fcce0ebbee962f5e93628118aedcb568d56b5c59f2e9aac43ea57190219"},
    {file = "moderngl-5.12.0-cp38-cp38-macosx_11_0_arm64.whl", hash = "sha256:861aae4a38da0f5d82dc2d5ece0f0a6d799809c362343cd1a447ab840a68370f"},
    {file = "moderngl-5.12.0-cp38-cp38-manylinux_2_17_x86_64.manylinux2014_x86_64.whl", hash = "sha256:726a025ab9822c295369a9ddb1bfaf4930f9645b7a958b74dfcd6a969d7052cf"},
    {file = "moderngl-5.12.0-cp38-cp38-manylinux_2_5_i686.manylinux1_i686.manylinux_2_17_i686.manylinux2014_i686.whl", hash = "sha256:29a181bae8bde003016fee671b93c2faa3e1460033033e2a832ec9187aa73efb"},
    {file = "moderngl-5.12.0-cp38-cp38-musllinux_1_2_i686.whl", hash = "sha256:8b35c17d5497f19c524068f9337cbe5e0e0e5662150b12fa95618665130bbf16"},
    {file = "moderngl-5.12.0-cp38-cp38-musllinux_1_2_x86_64.whl", hash = "sha256:74e5b7df5614f3291d197139a888c967aa29c348e13ebd28ce2a55bf03baed3d"},
    {file = "moderngl-5.12.0-cp38-cp38-win32.whl", hash = "sha256:8dc1bacc24840e5bc562e79be65dc506d6c5a7d40ecac01a062f86d013c890af"},
    {file = "moderngl-5.12.0-cp38-cp38-win_amd64.whl", hash = "sha256:cbd822cf3707fe955cfd940ec68b900519e2c43a5ef8085de5b0c983b4142c8b"},
    {file = "moderngl-5.12.0-cp39-cp39-macosx_10_9_x86_64.whl", hash = "sha256:49a6e27abafacef104c7ca336f6790f91c69617a1d752ead4a017b706d632b55"},
    {file = "moderngl-5.12.0-cp39-cp39-macosx_11_0_arm64.whl", hash = "sha256:7146c6fec3b2d7e8d11fa2504046b186d396520c0c2f7ef3aed40d8456dbebfc"},
    {file = "moderngl-5.12.0-cp39-cp39-manylinux_2_17_x86_64.manylinux2014_x86_64.whl", hash = "sha256:28b9eb3574ffc6e303173ca0a419b63d8b12cd67f924289c02d127c4d17cdca5"},
    {file = "moderngl-5.12.0-cp39-cp39-manylinux_2_5_i686.manylinux1_i686.manylinux_2_17_i686.manylinux2014_i686.whl", hash = "sha256:6948237626f9f0d9f931faa3b123d53613d5723679bc70b8db2590924795203f"},
    {file = "moderngl-5.12.0-cp39-cp39-musllinux_1_2_i686.whl", hash = "sha256:3c6b4342b7508d75744f1091868cf184cae0be85d37be858fba32eb20d799695"},
    {file = "moderngl-5.12.0-cp39-cp39-musllinux_1_2_x86_64.whl", hash = "sha256:13fec30855d346c4e69eff437e56f2bdd9953d22e80b7c5a319bccac7024e463"},
    {file = "moderngl-5.12.0-cp39-cp39-win32.whl", hash = "sha256:878f249505785cde8cc39d6016e62e74b46acbf3bb6d5a86341c86a7da7e7531"},
    {file = "moderngl-5.12.0-cp39-cp39-win_amd64.whl", hash = "sha256:e801cd0d35b4e3e99fc6a6f15eb193ce907bfa78127afa5825f1fad24c700c0e"},
    {file = "moderngl-5.12.0.tar.gz", hash = "sha256:52936a98ccb2f2e1d6e3cb18528b2919f6831e7e3f924e788b5873badce5129b"},
]

[package.dependencies]
glcontext = ">=3.0.0"

[package.extras]
headless = ["glcontext (>=3.0.0)"]

[[package]]
name = "packaging"
version = "26.2"
description = "Core utilities for Python packages"
optional = false
python-versions = ">=3.8"
groups = ["build", "test"]
files = [
    {file = "packaging-26.2-py3-none-any.whl", hash = "sha256:5fc45236b9446107ff2415ce77c807cee2862cb6fac22b8a73826d0693b0980e"},
    {file = "packaging-26.2.tar.gz", hash = "sha256:ff452ff5a3e828ce110190feff1178bb1f2ea2281fa2075aadb987c2fb221661"},
]

[[package]]
name = "pefile"
version = "2024.8.26"
description = "Python PE parsing module"
optional = false
python-versions = ">=3.6.0"
groups = ["build"]
markers = "sys_platform == \"win32\""
files = [
    {file = "pefile-2024.8.26-py3-none-any.whl", hash = "sha256:76f8b485dcd3b1bb8166f1128d395fa3d87af26360c2358fb75b80019b957c6f"},
    {file = "pefile-2024.8.26.tar.gz", hash = "sha256:3ff6c5d8b43e8c37bb6e6dd5085658d658a7a0bdcd20b6a07b1fcfc1c4e9d632"},
]

[[package]]
name = "pluggy"
version = "1.6.0"
description = "plugin and hook calling mechanisms for python"
optional = false
python-versions = ">=3.9"
groups = ["test"]
files = [
    {file = "pluggy-1.6.0-py3-none-any.whl", hash = "sha256:e920276dd6813095e9377c0bc5566d94c932c33b27a3e3945d8389c374dd4746"},
    {file = "pluggy-1.6.0.tar.gz", hash = "sha256:7dcc130b76258d33b90f61b658791dede3486c3e6bfb003ee5c9bfb396dd22f3"},
]

[package.extras]
dev = ["pre-commit", "tox"]
testing = ["coverage", "pytest", "pytest-benchmark"]

[[package]]
name = "pydub"
version = "0.25.1"
description = "Manipulate audio with an simple and easy high level interface"
optional = false
python-versions = "*"
groups = ["main"]
files = [
    {file = "pydub-0.25.1-py2.py3-none-any.whl", hash = "sha256:65617e33033874b59d87db603aa1ed450633288aefead953b30bded59cb599a6"},
    {file = "pydub-0.25.1.tar.gz", hash = "sha256:980a33ce9949cab2a569606b65674d748ecbca4f0796887fd6f46173a7b0d30f"},
]

[[package]]
name = "pygame"
version = "2.6.1"
description = "Python Game Development"
optional = false
python-versions = ">=3.6"
groups = ["main"]
files = [
    {file = "pygame-2.6.1-cp310-cp310-macosx_10_9_x86_64.whl", hash = "sha256:9beeb647e555afb5657111fa83acb74b99ad88761108eaea66472e8b8547b55b"},
    {file = "pygame-2.6.1-cp310-cp310-macosx_11_0_arm64.whl", hash = "sha256:10e3d2a55f001f6c0a6eb44aa79ea7607091c9352b946692acedb2ac1482f1c9"},
    {file = "pygame-2.6.1-cp310-cp310-manylinux_2_17_aarch64.manylinux2014_aarch64.whl", hash = "sha256:816e85000c5d8b02a42b9834f761a5925ef3377d2924e3a7c4c143d2990ce5b8"},
    {file = "pygame-2.6.1-cp310-cp310-manylinux_2_17_i686.manylinux2014_i686.whl", hash = "sha256:8a78fd030d98faab4a8e27878536fdff7518d3e062a72761c552f624ebba5a5f"},
    {file = "pygame-2.6.1-cp310-cp310-manylinux_2_17_x86_64.manylinux2014_x86_64.whl", hash = "sha256:da3ad64d685f84a34ebe5daacb39fff14f1251acb34c098d760d63fee768f50c"},
    {file = "pygame-2.6.1-cp310-cp310-win32.whl", hash = "sha256:9dd5c054d4bd875a8caf978b82672f02bec332f52a833a76899220c460bb4b58"},
    {file = "pygame-2.6.1-cp310-cp310-win_amd64.whl", hash = "sha256:00827aba089355925902d533f9c41e79a799641f03746c50a374dc5c3362e43d"},
    {file = "pygame-2.6.1-cp311-cp311-macosx_10_9_x86_64.whl", hash = "sha256:20349195326a5e82a16e351ed93465a7845a7e2a9af55b7bc1b2110ea3e344e1"},
    {file = "pygame-2.6.1-cp311-cp311-macosx_11_0_arm64.whl", hash = "sha256:f3935459109da4bb0b3901da9904f0a3e52028a3332a355d298b1673a334cf21"},
    {file = "pygame-2.6.1-cp311-cp311-manylinux_2_17_aarch64.manylinux2014_aarch64.whl", hash = "sha256:c31dbdb5d0217f32764797d21c2752e258e5fb7e895326538d82b5f75a0cd856"},
    {file = "pygame-2.6.1-cp311-cp311-manylinux_2_17_i686.manylinux2014_i686.whl", hash = "sha256:173badf82fa198e6888017bea40f511cb28e69ecdd5a72b214e81e4dcd66c3b1"},
    {file = "pygame-2.6.1-cp311-cp311-manylinux_2_17_x86_64.manylinux2014_x86_64.whl", hash = "sha256:ce8cc108b92de9b149b344ad2e25eedbe773af0dc41dfb24d1f07f679b558c60"},
    {file = "pygame-2.6.1-cp311-cp311-win32.whl", hash = "sha256:811e7b925146d8149d79193652cbb83e0eca0aae66476b1cb310f0f4226b8b5c"},
    {file = "pygame-2.6.1-cp311-cp311-win_amd64.whl", hash = "sha256:91476902426facd4bb0dad4dc3b2573bc82c95c71b135e0daaea072ed528d299"},
    {file = "pygame-2.6.1-cp312-cp312-macosx_10_9_x86_64.whl", hash = "sha256:4ee7f2771f588c966fa2fa8b829be26698c9b4836f82ede5e4edc1a68594942e"},
    {file = "pygame-2.6.1-cp312-cp312-macosx_11_0_arm64.whl", hash = "sha256:c8040ea2ab18c6b255af706ec01355c8a6b08dc48d77fd4ee783f8fc46a843bf"},
    {file = "pygame-2.6.1-cp312-cp312-manylinux_2_17_aarch64.manylinux2014_aarch64.whl", hash = "sha256:c47a6938de93fa610accd4969e638c2aebcb29b2fca518a84c3a39d91ab47116"},
    {file = "pygame-2.6.1-cp312-cp312-manylinux_2_17_i686.manylinux2014_i686.whl", hash = "sha256:33006f784e1c7d7e466fcb61d5489da59cc5f7eb098712f792a225df1d4e229d"},
    {file = "pygame-2.6.1-cp312-cp312-manylinux_2_17_x86_64.manylinux2014_x86_64.whl", hash = "sha256:1206125f14cae22c44565c9d333607f1d9f59487b1f1432945dfc809aeaa3e88"},
    {file = "pygame-2.6.1-cp312-cp312-win32.whl", hash = "sha256:84fc4054e25262140d09d39e094f6880d730199710829902f0d8ceae0213379e"},
    {file = "pygame-2.6.1-cp312-cp312-win_amd64.whl", hash = "sha256:3a9e7396be0d9633831c3f8d5d82dd63ba373ad65599628294b7a4f8a5a01a65"},
    {file = "pygame-2.6.1-cp313-cp313-macosx_10_13_x86_64.whl", hash = "sha256:ae6039f3a55d800db80e8010f387557b528d34d534435e0871326804df2a62f2"},
    {file = "pygame-2.6.1-cp313-cp313-macosx_11_0_arm64.whl", hash = "sha256:2a3a1288e2e9b1e5834e425bedd5ba01a3cd4902b5c2bff8ed4a740ccfe98171"},
    {file = "pygame-2.6.1-cp313-cp313-manylinux_2_17_aarch64.manylinux2014_aarch64.whl", hash = "sha256:27eb17e3dc9640e4b4683074f1890e2e879827447770470c2aba9f125f74510b"},
    {file = "pygame-2.6.1-cp313-cp313-manylinux_2_17_i686.manylinux2014_i686.whl", hash = "sha256:4c1623180e70a03c4a734deb9bac50fc9c82942ae84a3a220779062128e75f3b"},
    {file = "pygame-2.6.1-cp313-cp313-manylinux_2_17_x86_64.manylinux2014_x86_64.whl", hash = "sha256:ef07c0103d79492c21fced9ad68c11c32efa6801ca1920ebfd0f15fb46c78b1c"},
    {file = "pygame-2.6.1-cp313-cp313-win32.whl", hash = "sha256:3acd8c009317190c2bfd81db681ecef47d5eb108c2151d09596d9c7ea9df5c0e"},
    {file = "pygame-2.6.1-cp313-cp313-win_amd64.whl", hash = "sha256:813af4fba5d0b2cb8e58f5d95f7910295c34067dcc290d34f1be59c48bd1ea6a"},
    {file = "pygame-2.6.1-cp36-cp36m-macosx_10_9_x86_64.whl", hash = "sha256:56ffca6059b165bbf64f4b4be23b8068f6a0e220780e4f96ec0bb5ac3c63ec39"},
    {file = "pygame-2.6.1-cp36-cp36m-manylinux_2_17_aarch64.manylinux2014_aarch64.whl", hash = "sha256:3bede70ec708057e305815d6546012669226d1d80566785feca9b044216062e7"},
    {file = "pygame-2.6.1-cp36-cp36m-manylinux_2_17_i686.manylinux2014_i686.whl", hash = "sha256:f84f15d146d6aa93254008a626c56ef96fed276006202881a47b29757f0cd65a"},
    {file = "pygame-2.6.1-cp36-cp36m-manylinux_2_17_x86_64.manylinux2014_x86_64.whl", hash = "sha256:14f9dda45469b254c0f15edaaeaa85d2cc072ff6a83584a265f5d684c7f7efd8"},
    {file = "pygame-2.6.1-cp36-cp36m-win32.whl", hash = "sha256:28b43190436037e428a5be28fc80cf6615304fd528009f2c688cc828f4ff104b"},
    {file = "pygame-2.6.1-cp36-cp36m-win_amd64.whl", hash = "sha256:a4b8f04fceddd9a3ac30778d11f0254f59efcd1c382d5801271113cea8b4f2f3"},
    {file = "pygame-2.6.1-cp37-cp37m-macosx_10_9_x86_64.whl", hash = "sha256:a620883d589926f157b8f1d1f543183ac52e5c30507dea445e3927ae0bee1c54"},
    {file = "pygame-2.6.1-cp37-cp37m-manylinux_2_17_aarch64.manylinux2014_aarch64.whl", hash = "sha256:b46e68cd168f44d0224c670bb72186688fc692d7079715f79d04096757d703d0"},
    {file = "pygame-2.6.1-cp37-cp37m-manylinux_2_17_i686.manylinux2014_i686.whl", hash = "sha256:c0b11356ac96261162d54a2c2b41a41978f00525631b01ec9c4fe26b01c66595"},
    {file = "pygame-2.6.1-cp37-cp37m-manylinux_2_17_x86_64.manylinux2014_x86_64.whl", hash = "sha256:325a84d072d52e3c2921eff02f87c6a74b7e77d71db3bdf53801c6c975f1b6c4"},
    {file = "pygame-2.6.1-cp37-cp37m-win32.whl", hash = "sha256:2a615d78b2364e86f541458ff41c2a46181b9a1e9eabd97b389282fdf04efbb3"},
    {file = "pygame-2.6.1-cp37-cp37m-win_amd64.whl", hash = "sha256:94afd1177680d92f9214c54966ad3517d18210c4fbc5d84a0192d218e93647e0"},
    {file = "pygame-2.6.1-cp38-cp38-macosx_10_9_x86_64.whl", hash = "sha256:97ac4e13847b6b293ecaffa5ffce9886c98d09c03309406931cc592f0cea6366"},
    {file = "pygame-2.6.1-cp38-cp38-macosx_11_0_arm64.whl", hash = "sha256:d1a7f2b66ac2e4c9583b6d4c6d6f346fb10a3392c04163f537061f86a448ed5c"},
    {file = "pygame-2.6.1-cp38-cp38-manylinux_2_17_aarch64.manylinux2014_aarch64.whl", hash = "sha256:ac3f033d2be4a9e23660a96afe2986df3a6916227538a6a0061bc218c5088507"},
    {file = "pygame-2.6.1-cp38-cp38-manylinux_2_17_i686.manylinux2014_i686.whl", hash = "sha256:a1bf7ab5311bbced70320f1a56701650b4c18231343ae5af42111eea91e0949a"},
    {file = "pygame-2.6.1-cp38-cp38-manylinux_2_17_x86_64.manylinux2014_x86_64.whl", hash = "sha256:21160d9093533eb831f1b708e630706e5ac16b30750571ec27bc3b8364814f38"},
    {file = "pygame-2.6.1-cp38-cp38-win32.whl", hash = "sha256:7bffdd3eaf394d9645331d1c3a5df9d782ebcc3c5a78f3b657c7879a828dd111"},
    {file = "pygame-2.6.1-cp38-cp38-win_amd64.whl", hash = "sha256:818b4eaec9c4acb6ac64805d4ca8edd4062bebca77bd815c18739fe2842c97e9"},
    {file = "pygame-2.6.1-cp39-cp39-macosx_10_9_x86_64.whl", hash = "sha256:15efaa11a80a65dd589a95bebe812fa5bfc7e14946b638a424c5bd9ac6cca1a4"},
    {file = "pygame-2.6.1-cp39-cp39-macosx_11_0_arm64.whl", hash = "sha256:481cfe1bdbb7fe00acc5950c494c26f00240888619bdc396fc8c39a734797432"},
    {file = "pygame-2.6.1-cp39-cp39-manylinux_2_17_aarch64.manylinux2014_aarch64.whl", hash = "sha256:5d09fd950725d187aa5207c0cb8eb9ab0d2f8ce9ab8d189c30eeb470e71b617e"},
    {file = "pygame-2.6.1-cp39-cp39-manylinux_2_17_i686.manylinux2014_i686.whl", hash = "sha256:163e66de169bd5670c86e27d0b74aad0d2d745e3b63cf4e7eb5b2bff1231ca8d"},
    {file = "pygame-2.6.1-cp39-cp39-manylinux_2_17_x86_64.manylinux2014_x86_64.whl", hash = "sha256:fb6e8d0547f30ddc845f4fd1e33070ef548233ad0dbf21f7ecea768883d1bbdc"},
    {file = "pygame-2.6.1-cp39-cp39-win32.whl", hash = "sha256:d29eb9a93f12aa3d997b6e3c447ac85b2a4b142ab2548441523a8fcf5e216042"},
    {file = "pygame-2.6.1-cp39-cp39-win_amd64.whl", hash = "sha256:6582aa71a681e02e55d43150a9ab41394e6bf4d783d2962a10aea58f424be060"},
    {file = "pygame-2.6.1-pp36-pypy36_pp73-win32.whl", hash = "sha256:4a8ea113b1bf627322a025a1a5a87e3818a7f55ab3a4077ff1ae5c8c60576614"},
    {file = "pygame-2.6.1-pp38-pypy38_pp73-macosx_10_9_x86_64.whl", hash = "sha256:b7f9f8e6f76de36f4725175d686601214af362a4f30614b4dae2240198e72e6f"},
    {file = "pygame-2.6.1-pp39-pypy39_pp73-macosx_10_15_x86_64.whl", hash = "sha256:bbb7167c92103a2091366e9af26d4914ba3776666e8677d3c93551353fffa626"},
    {file = "pygame-2.6.1-pp39-pypy39_pp73-manylinux_2_17_i686.manylinux2014_i686.whl", hash = "sha256:17498a2b043bc0e795faedef1b081199c688890200aef34991c1941caa2d2c89"},
    {file = "pygame-2.6.1-pp39-pypy39_pp73-manylinux_2_17_x86_64.manylinux2014_x86_64.whl", hash = "sha256:7103c60939bbc1e05cfc7ba3f1d2ad3bbf103b7828b82a7166a9ab6f51950146"},
    {file = "pygame-2.6.1.tar.gz", hash = "sha256:56fb02ead529cee00d415c3e007f75e0780c655909aaa8e8bf616ee09c9feb1f"},
]

[[package]]
name = "pygame-easy-menu"
version = "0.0.63"
description = "Backend-agnostic menu widgets for pygame, with optional ModernGL rendering"
optional = false
python-versions = ">=3.10"
groups = ["main"]
files = [
    {file = "pygame_easy_menu-0.0.63-py3-none-any.whl", hash = "sha256:9c9b030dd6c5159af88b7821366eaa6f62c03b54666c392558cc41722213b509"},
    {file = "pygame_easy_menu-0.0.63.tar.gz", hash = "sha256:7596176db2ae00c3a652d67667996b466bc8277ce944af7d02bdfba3b707ee32"},
]

[package.dependencies]
moderngl = {version = "5.12.0", optional = true, markers = "extra == \"opengl\""}
pygame = ">=2.0"

[package.extras]
opengl = ["moderngl (==5.12.0)"]
test = ["build (>=1)", "moderngl (==5.12.0)", "pytest (>=7)"]

[[package]]
name = "pygments"
version = "2.20.0"
description = "Pygments is a syntax highlighting package written in Python."
optional = false
python-versions = ">=3.9"
groups = ["test"]
files = [
    {file = "pygments-2.20.0-py3-none-any.whl", hash = "sha256:81a9e26dd42fd28a23a2d169d86d7ac03b46e2f8b59ed4698fb4785f946d0176"},
    {file = "pygments-2.20.0.tar.gz", hash = "sha256:6757cd03768053ff99f3039c1a36d6c0aa0b263438fcab17520b30a303a82b5f"},
]

[package.extras]
windows-terminal = ["colorama (>=0.4.6)"]

[[package]]
name = "pyinstaller"
version = "6.21.0"
description = "PyInstaller bundles a Python application and all its dependencies into a single package."
optional = false
python-versions = "<3.16,>=3.8"
groups = ["build"]
files = [
    {file = "pyinstaller-6.21.0-py3-none-macosx_10_13_universal2.whl", hash = "sha256:327d132389f37912609e01be62810cf96b5aa95b613903e4b8692e0d12fb0eda"},
    {file = "pyinstaller-6.21.0-py3-none-manylinux2014_aarch64.whl", hash = "sha256:7071d4b094d5b40deeef5fa3d3b98a1b846087f7562b49209663d5f9281fe251"},
    {file = "pyinstaller-6.21.0-py3-none-manylinux2014_i686.whl", hash = "sha256:6b6374d652107dd4a2eeece903ff82bb4045bb5e1006c5a158a6dcdbefe84bf2"},
    {file = "pyinstaller-6.21.0-py3-none-manylinux2014_ppc64le.whl", hash = "sha256:4e3108b3f02384560da70e39b8bf22b0ad597d02bd68a40d76ea91c1cfa00cad"},
    {file = "pyinstaller-6.21.0-py3-none-manylinux2014_s390x.whl", hash = "sha256:697532279f535ad572bda613db4f821540e235c7854ca6da4d3bf0373f4415ee"},
    {file = "pyinstaller-6.21.0-py3-none-manylinux2014_x86_64.whl", hash = "sha256:605169523a6b5ace39f13dfbff21add9f2bc43df99c7daf9394fefb2c45e8b6f"},
    {file = "pyinstaller-6.21.0-py3-none-musllinux_1_1_aarch64.whl", hash = "sha256:5fa56746c1e76f93634d018502301378a2d0c382553d37d8c3c34ff436c12dd1"},
    {file = "pyinstaller-6.21.0-py3-none-musllinux_1_1_x86_64.whl", hash = "sha256:42395ec76df8e8120c36b13339d9db8cab83e316a12839ee303cc00fc941bb74"},
    {file = "pyinstaller-6.21.0-py3-none-win32.whl", hash = "sha256:c6b28d30d8fd99ce162ff3aab5013ed44dbfb747566b1f01b9bed7964d7c14e9"},
    {file = "pyinstaller-6.21.0-py3-none-win_amd64.whl", hash = "sha256:7fae06c494ce0ebfe6bd3055c0e409def884f63af2e3705d06bd431ad9237fc7"},
    {file = "pyinstaller-6.21.0-py3-none-win_arm64.whl", hash = "sha256:f13c95c9c03fb567217135919f93815c305813126780b0ed6e0123cb8acaf025"},
    {file = "pyinstaller-6.21.0.tar.gz", hash = "sha256:bb9fab705983e393a2d1cac77d6972513057ad800215fd861dc15ff5272e98fd"},
]

[package.dependencies]
altgraph = "*"
macholib = {version = ">=1.8", markers = "sys_platform == \"darwin\""}
packaging = ">=22.0"
pefile = {version = ">=2022.5.30", markers = "sys_platform == \"win32\""}
pyinstaller-hooks-contrib = ">=2026.6"
pywin32-ctypes = {version = ">=0.2.1", markers = "sys_platform == \"win32\""}
setuptools = ">=42.0.0"

[package.extras]
completion = ["argcomplete"]
hook-testing = ["execnet (>=1.5.0)", "psutil", "pytest (>=2.7.3)"]

[[package]]
name = "pyinstaller-hooks-contrib"
version = "2026.6"
description = "Community maintained hooks for PyInstaller"
optional = false
python-versions = ">=3.8"
groups = ["build"]
files = [
    {file = "pyinstaller_hooks_contrib-2026.6-py3-none-any.whl", hash = "sha256:fd13b8ac126b35361175edacd41a0d97080b75dd5f4b594ecefefff969509dd3"},
    {file = "pyinstaller_hooks_contrib-2026.6.tar.gz", hash = "sha256:bef5002c32f4f50bd55b005da12cff64eca8783e7eaf86a06a62410164bab725"},
]

[package.dependencies]
packaging = ">=22.0"

[[package]]
name = "pypresence"
version = "4.2.1"
description = "Discord RPC client written in Python"
optional = false
python-versions = ">=3.5"
groups = ["main"]
files = [
    {file = "pypresence-4.2.1-py2.py3-none-any.whl", hash = "sha256:12197b5f51c21e3e555b17f85d3e55023f4ad83b6fff72cd6387659ffd484a02"},
    {file = "pypresence-4.2.1.tar.gz", hash = "sha256:691daf98c8189fd216d988ebfc67779e0f664211512d9843f37ab0d51d4de066"},
]

[[package]]
name = "pytest"
version = "8.4.2"
description = "pytest: simple powerful testing with Python"
optional = false
python-versions = ">=3.9"
groups = ["test"]
files = [
    {file = "pytest-8.4.2-py3-none-any.whl", hash = "sha256:872f880de3fc3a5bdc88a11b39c9710c3497a547cfa9320bc3c5e62fbf272e79"},
    {file = "pytest-8.4.2.tar.gz", hash = "sha256:86c0d0b93306b961d58d62a4db4879f27fe25513d4b969df351abdddb3c30e01"},
]

[package.dependencies]
colorama = {version = ">=0.4", markers = "sys_platform == \"win32\""}
exceptiongroup = {version = ">=1", markers = "python_version < \"3.11\""}
iniconfig = ">=1"
packaging = ">=20"
pluggy = ">=1.5,<2"
pygments = ">=2.7.2"
tomli = {version = ">=1", markers = "python_version < \"3.11\""}

[package.extras]
dev = ["argcomplete", "attrs (>=19.2)", "hypothesis (>=3.56)", "mock", "requests", "setuptools", "xmlschema"]

[[package]]
name = "pywin32-ctypes"
version = "0.2.3"
description = "A (partial) reimplementation of pywin32 using ctypes/cffi"
optional = false
python-versions = ">=3.6"
groups = ["build"]
markers = "sys_platform == \"win32\""
files = [
    {file = "pywin32-ctypes-0.2.3.tar.gz", hash = "sha256:d162dc04946d704503b2edc4d55f3dba5c1d539ead017afa00142c38b9885755"},
    {file = "pywin32_ctypes-0.2.3-py3-none-any.whl", hash = "sha256:8a1513379d709975552d202d942d9837758905c8d01eb82b8bcc30918929e7b8"},
]

[[package]]
name = "setuptools"
version = "83.0.0"
description = "Most extensible Python build backend with support for C/C++ extension modules"
optional = false
python-versions = ">=3.10"
groups = ["build"]
files = [
    {file = "setuptools-83.0.0-py3-none-any.whl", hash = "sha256:29b23c360f22f414dc7336bb39178cc7bcbf6021ed2733cde173f09dba19abb3"},
    {file = "setuptools-83.0.0.tar.gz", hash = "sha256:025bccbbf0fa05b6192bc64ae1e7b16e001fd6d6d4d5de03c97b1c1ade523bef"},
]

[package.extras]
check = ["pytest-checkdocs (>=2.14)", "pytest-ruff (>=0.2.1) ; sys_platform != \"cygwin\"", "ruff (>=0.13.0) ; sys_platform != \"cygwin\""]
core = ["importlib_metadata (>=6) ; python_version < \"3.10\"", "jaraco.functools (>=4)", "jaraco.text (>=3.7)", "more_itertools", "more_itertools (>=8.8)", "packaging (>=24.2)", "tomli (>=2.0.1) ; python_version < \"3.11\"", "wheel (>=0.43.0)"]
cover = ["pytest-cov"]
doc = ["furo", "jaraco.packaging (>=9.3)", "jaraco.tidelift (>=1.4)", "pygments-github-lexers (==0.0.5)", "pyproject-hooks (!=1.1)", "rst.linker (>=1.9)", "sphinx (>=3.5)", "sphinx-favicon", "sphinx-inline-tabs", "sphinx-lint", "sphinx-notfound-page (>=1,<2)", "sphinx-reredirects", "sphinxcontrib-towncrier", "towncrier (<24.7)"]
enabler = ["pytest-enabler (>=3.4)"]
test = ["build[virtualenv] (>=1.0.3)", "filelock (>=3.4.0)", "ini2toml[lite] (>=0.14)", "jaraco.develop (>=7.21) ; python_version >= \"3.9\" and sys_platform != \"cygwin\"", "jaraco.envs (>=2.2)", "jaraco.path (>=3.7.2)", "jaraco.test (>=5.5)", "packaging (>=24.2)", "pip (>=19.1)", "pyproject-hooks (!=1.1)", "pytest (>=6,!=8.1.*)", "pytest-home (>=0.5)", "pytest-perf ; sys_platform != \"cygwin\"", "pytest-subprocess", "pytest-timeout", "pytest-xdist (>=3)", "tomli-w (>=1.0.0)", "virtualenv (>=13.0.0)", "wheel (>=0.44.0)"]
type = ["importlib_metadata (>=7.0.2) ; python_version < \"3.10\"", "jaraco.develop (>=7.21) ; sys_platform != \"cygwin\"", "mypy (==1.18.*)", "pytest-mypy (>=1.0.1) ; platform_python_implementation != \"PyPy\""]

[[package]]
name = "tomli"
version = "2.4.1"
description = "A lil' TOML parser"
optional = false
python-versions = ">=3.8"
groups = ["test"]
markers = "python_version == \"3.10\""
files = [
    {file = "tomli-2.4.1-cp311-cp311-macosx_10_9_x86_64.whl", hash = "sha256:f8f0fc26ec2cc2b965b7a3b87cd19c5c6b8c5e5f436b984e85f486d652285c30"},
    {file = "tomli-2.4.1-cp311-cp311-macosx_11_0_arm64.whl", hash = "sha256:4ab97e64ccda8756376892c53a72bd1f964e519c77236368527f758fbc36a53a"},
    {file = "tomli-2.4.1-cp311-cp311-manylinux2014_aarch64.manylinux_2_17_aarch64.manylinux_2_28_aarch64.whl", hash = "sha256:96481a5786729fd470164b47cdb3e0e58062a496f455ee41b4403be77cb5a076"},
    {file = "tomli-2.4.1-cp311-cp311-manylinux2014_x86_64.manylinux_2_17_x86_64.manylinux_2_28_x86_64.whl", hash = "sha256:5a881ab208c0baf688221f8cecc5401bd291d67e38a1ac884d6736cbcd8247e9"},
    {file = "tomli-2.4.1-cp311-cp311-musllinux_1_2_aarch64.whl", hash = "sha256:47149d5bd38761ac8be13a84864bf0b7b70bc051806bc3669ab1cbc56216b23c"},
    {file = "tomli-2.4.1-cp311-cp311-musllinux_1_2_x86_64.whl", hash = "sha256:ec9bfaf3ad2df51ace80688143a6a4ebc09a248f6ff781a9945e51937008fcbc"},
    {file = "tomli-2.4.1-cp311-cp311-win32.whl", hash = "sha256:ff2983983d34813c1aeb0fa89091e76c3a22889ee83ab27c5eeb45100560c049"},
    {file = "tomli-2.4.1-cp311-cp311-win_amd64.whl", hash = "sha256:5ee18d9ebdb417e384b58fe414e8d6af9f4e7a0ae761519fb50f721de398dd4e"},
    {file = "tomli-2.4.1-cp311-cp311-win_arm64.whl", hash = "sha256:c2541745709bad0264b7d4705ad453b76ccd191e64aa6f0fc66b69a293a45ece"},
    {file = "tomli-2.4.1-cp312-cp312-macosx_10_13_x86_64.whl", hash = "sha256:c742f741d58a28940ce01d58f0ab2ea3ced8b12402f162f4d534dfe18ba1cd6a"},
    {file = "tomli-2.4.1-cp312-cp312-macosx_11_0_arm64.whl", hash = "sha256:7f86fd587c4ed9dd76f318225e7d9b29cfc5a9d43de44e5754db8d1128487085"},
    {file = "tomli-2.4.1-cp312-cp312-manylinux2014_aarch64.manylinux_2_17_aarch64.manylinux_2_28_aarch64.whl", hash = "sha256:ff18e6a727ee0ab0388507b89d1bc6a22b138d1e2fa56d1ad494586d61d2eae9"},
    {file = "tomli-2.4.1-cp312-cp312-manylinux2014_x86_64.manylinux_2_17_x86_64.manylinux_2_28_x86_64.whl", hash = "sha256:136443dbd7e1dee43c68ac2694fde36b2849865fa258d39bf822c10e8068eac5"},
    {file = "tomli-2.4.1-cp312-cp312-musllinux_1_2_aarch64.whl", hash = "sha256:5e262d41726bc187e69af7825504c933b6794dc3fbd5945e41a79bb14c31f585"},
    {file = "tomli-2.4.1-cp312-cp312-musllinux_1_2_x86_64.whl", hash = "sha256:5cb41aa38891e073ee49d55fbc7839cfdb2bc0e600add13874d048c94aadddd1"},
    {file = "tomli-2.4.1-cp312-cp312-win32.whl", hash = "sha256:da25dc3563bff5965356133435b757a795a17b17d01dbc0f42fb32447ddfd917"},
    {file = "tomli-2.4.1-cp312-cp312-win_amd64.whl", hash = "sha256:52c8ef851d9a240f11a88c003eacb03c31fc1c9c4ec64a99a0f922b93874fda9"},
    {file = "tomli-2.4.1-cp312-cp312-win_arm64.whl", hash = "sha256:f758f1b9299d059cc3f6546ae2af89670cb1c4d48ea29c3cacc4fe7de3058257"},
    {file = "tomli-2.4.1-cp313-cp313-macosx_10_13_x86_64.whl", hash = "sha256:36d2bd2ad5fb9eaddba5226aa02c8ec3fa4f192631e347b3ed28186d43be6b54"},
    {file = "tomli-2.4.1-cp313-cp313-macosx_11_0_arm64.whl", hash = "sha256:eb0dc4e38e6a1fd579e5d50369aa2e10acfc9cace504579b2faabb478e76941a"},
    {file = "tomli-2.4.1-cp313-cp313-manylinux2014_aarch64.manylinux_2_17_aarch64.manylinux_2_28_aarch64.whl", hash = "sha256:c7f2c7f2b9ca6bdeef8f0fa897f8e05085923eb091721675170254cbc5b02897"},
    {file = "tomli-2.4.1-cp313-cp313-manylinux2014_x86_64.manylinux_2_17_x86_64.manylinux_2_28_x86_64.whl", hash = "sha256:f3c6818a1a86dd6dca7ddcaaf76947d5ba31aecc28cb1b67009a5877c9a64f3f"},
    {file = "tomli-2.4.1-cp313-cp313-musllinux_1_2_aarch64.whl", hash = "sha256:d312ef37c91508b0ab2cee7da26ec0b3ed2f03ce12bd87a588d771ae15dcf82d"},
    {file = "tomli-2.4.1-cp313-cp313-musllinux_1_2_x86_64.whl", hash = "sha256:51529d40e3ca50046d7606fa99ce3956a617f9b36380da3b7f0dd3dd28e68cb5"},
    {file = "tomli-2.4.1-cp313-cp313-win32.whl", hash = "sha256:2190f2e9dd7508d2a90ded5ed369255980a1bcdd58e52f7fe24b8162bf9fedbd"},
    {file = "tomli-2.4.1-cp313-cp313-win_amd64.whl", hash = "sha256:8d65a2fbf9d2f8352685bc1364177ee3923d6baf5e7f43ea4959d7d8bc326a36"},
    {file = "tomli-2.4.1-cp313-cp313-win_arm64.whl", hash = "sha256:4b605484e43cdc43f0954ddae319fb75f04cc10dd80d830540060ee7cd0243cd"},
    {file = "tomli-2.4.1-cp314-cp314-macosx_10_15_x86_64.whl", hash = "sha256:fd0409a3653af6c147209d267a0e4243f0ae46b011aa978b1080359fddc9b6cf"},
    {file = "tomli-2.4.1-cp314-cp314-macosx_11_0_arm64.whl", hash = "sha256:a120733b01c45e9a0c34aeef92bf0cf1d56cfe81ed9d47d562f9ed591a9828ac"},
    {file = "tomli-2.4.1-cp314-cp314-manylinux2014_aarch64.manylinux_2_17_aarch64.manylinux_2_28_aarch64.whl", hash = "sha256:559db847dc486944896521f68d8190be1c9e719fced785720d2216fe7022b662"},
    {file = "tomli-2.4.1-cp314-cp314-manylinux2014_x86_64.manylinux_2_17_x86_64.manylinux_2_28_x86_64.whl", hash = "sha256:01f520d4f53ef97964a240a035ec2a869fe1a37dde002b57ebc4417a27ccd853"},
    {file = "tomli-2.4.1-cp314-cp314-musllinux_1_2_aarch64.whl", hash = "sha256:7f94b27a62cfad8496c8d2513e1a222dd446f095fca8987fceef261225538a15"},
    {file = "tomli-2.4.1-cp314-cp314-musllinux_1_2_x86_64.whl", hash = "sha256:ede3e6487c5ef5d28634ba3f31f989030ad6af71edfb0055cbbd14189ff240ba"},
    {file = "tomli-2.4.1-cp314-cp314-win32.whl", hash = "sha256:3d48a93ee1c9b79c04bb38772ee1b64dcf18ff43085896ea460ca8dec96f35f6"},
    {file = "tomli-2.4.1-cp314-cp314-win_amd64.whl", hash = "sha256:88dceee75c2c63af144e456745e10101eb67361050196b0b6af5d717254dddf7"},
    {file = "tomli-2.4.1-cp314-cp314-win_arm64.whl", hash = "sha256:b8c198f8c1805dc42708689ed6864951fd2494f924149d3e4bce7710f8eb5232"},
    {file = "tomli-2.4.1-cp314-cp314t-macosx_10_15_x86_64.whl", hash = "sha256:d4d8fe59808a54658fcc0160ecfb1b30f9089906c50b23bcb4c69eddc19ec2b4"},
    {file = "tomli-2.4.1-cp314-cp314t-macosx_11_0_arm64.whl", hash = "sha256:7008df2e7655c495dd12d2a4ad038ff878d4ca4b81fccaf82b714e07eae4402c"},
    {file = "tomli-2.4.1-cp314-cp314t-manylinux2014_aarch64.manylinux_2_17_aarch64.manylinux_2_28_aarch64.whl", hash = "sha256:1d8591993e228b0c930c4bb0db464bdad97b3289fb981255d6c9a41aedc84b2d"},
    {file = "tomli-2.4.1-cp314-cp314t-manylinux2014_x86_64.manylinux_2_17_x86_64.manylinux_2_28_x86_64.whl", hash = "sha256:734e20b57ba95624ecf1841e72b53f6e186355e216e5412de414e3c51e5e3c41"},
    {file = "tomli-2.4.1-cp314-cp314t-musllinux_1_2_aarch64.whl", hash = "sha256:8a650c2dbafa08d42e51ba0b62740dae4ecb9338eefa093aa5c78ceb546fcd5c"},
    {file = "tomli-2.4.1-cp314-cp314t-musllinux_1_2_x86_64.whl", hash = "sha256:504aa796fe0569bb43171066009ead363de03675276d2d121ac1a4572397870f"},
    {file = "tomli-2.4.1-cp314-cp314t-win32.whl", hash = "sha256:b1d22e6e9387bf4739fbe23bfa80e93f6b0373a7f1b96c6227c32bef95a4d7a8"},
    {file = "tomli-2.4.1-cp314-cp314t-win_amd64.whl", hash = "sha256:2c1c351919aca02858f740c6d33adea0c5deea37f9ecca1cc1ef9e884a619d26"},
    {file = "tomli-2.4.1-cp314-cp314t-win_arm64.whl", hash = "sha256:eab21f45c7f66c13f2a9e0e1535309cee140182a9cdae1e041d02e47291e8396"},
    {file = "tomli-2.4.1-py3-none-any.whl", hash = "sha256:0d85819802132122da43cb86656f8d1f8c6587d54ae7dcaf30e90533028b49fe"},
    {file = "tomli-2.4.1.tar.gz", hash = "sha256:7c7e1a961a0b2f2472c1ac5b69affa0ae1132c39adcb67aba98568702b9cc23f"},
]

[[package]]
name = "typing-extensions"
version = "4.16.0"
description = "Backported and Experimental Type Hints for Python 3.9+"
optional = false
python-versions = ">=3.9"
groups = ["test"]
markers = "python_version == \"3.10\""
files = [
    {file = "typing_extensions-4.16.0-py3-none-any.whl", hash = "sha256:481caa481374e813c1b176ada14e97f1f67a4539ce9cfeb3f350d78d6370c2e8"},
    {file = "typing_extensions-4.16.0.tar.gz", hash = "sha256:dc983d19a509c94dba722ee6abd33940f7c05a89e243c47e907eb4db6f1a43e5"},
]

[metadata]
lock-version = "2.1"
python-versions = ">=3.10,<3.12"
content-hash = "e7335298a2a4dffea16f806379fcb7a966a62d178e4db552fcf7a30d6ac5a6eb"
